// !$*UTF8*$!
{
	archiveVersion = 1;
	classes = {
	};
	objectVersion = 55;
	objects = {

/* Begin PBXBuildFile section */
		0B08C563275B3DF8001C520B /* Favorite_YT_ChannelsApp.swift in Sources */ = {isa = PBXBuildFile; fileRef = 0B08C562275B3DF8001C520B /* Favorite_YT_ChannelsApp.swift */; };
		0B08C565275B3DF8001C520B /* ContentView.swift in Sources */ = {isa = PBXBuildFile; fileRef = 0B08C564275B3DF8001C520B /* ContentView.swift */; };
		0B08C567275B3DF8001C520B /* Assets.xcassets in Resources */ = {isa = PBXBuildFile; fileRef = 0B08C566275B3DF8001C520B /* Assets.xcassets */; };
		0B08C56A275B3DF8001C520B /* Preview Assets.xcassets in Resources */ = {isa = PBXBuildFile; fileRef = 0B08C569275B3DF8001C520B /* Preview Assets.xcassets */; };
		0B08C572275B3F45001C520B /* JaskoView.swift in Sources */ = {isa = PBXBuildFile; fileRef = 0B08C571275B3F45001C520B /* JaskoView.swift */; };
		0B08C574275B464C001C520B /* NukesView.swift in Sources */ = {isa = PBXBuildFile; fileRef = 0B08C573275B464C001C520B /* NukesView.swift */; };
		0B08C576275B4653001C520B /* OpenYourRealityView.swift in Sources */ = {isa = PBXBuildFile; fileRef = 0B08C575275B4653001C520B /* OpenYourRealityView.swift */; };
		0B08C578275B4C97001C520B /* SeanAllenView.swift in Sources */ = {isa = PBXBuildFile; fileRef = 0B08C577275B4C97001C520B /* SeanAllenView.swift */; };
		0B5D17342763D1550089D6A8 /* YoutubeListView.swift in Sources */ = {isa = PBXBuildFile; fileRef = 0B5D17332763D1550089D6A8 /* YoutubeListView.swift */; };
		0B5D17362763D5640089D6A8 /* Z3n PnkView.swift in Sources */ = {isa = PBXBuildFile; fileRef = 0B5D17352763D5640089D6A8 /* Z3n PnkView.swift */; };
		0BC86153275E5B3A00830D9C /* PooView.swift in Sources */ = {isa = PBXBuildFile; fileRef = 0BC86152275E5B3A00830D9C /* PooView.swift */; };
		0BC86155275E79AB00830D9C /* KawaiiGamesView.swift in Sources */ = {isa = PBXBuildFile; fileRef = 0BC86154275E79AB00830D9C /* KawaiiGamesView.swift */; };
		0BC86157275EDD7300830D9C /* BawkbasoupView.swift in Sources */ = {isa = PBXBuildFile; fileRef = 0BC86156275EDD7300830D9C /* BawkbasoupView.swift */; };
		0BC8617F275FC84600830D9C /* CJView.swift in Sources */ = {isa = PBXBuildFile; fileRef = 0BC8617E275FC84600830D9C /* CJView.swift */; };
/* End PBXBuildFile section */

/* Begin PBXFileReference section */
		0B08C55F275B3DF7001C520B /* Favorite YT Channels.app */ = {isa = PBXFileReference; explicitFileType = wrapper.application; includeInIndex = 0; path = "Favorite YT Channels.app"; sourceTree = BUILT_PRODUCTS_DIR; };
		0B08C562275B3DF8001C520B /* Favorite_YT_ChannelsApp.swift */ = {isa = PBXFileReference; lastKnownFileType = sourcecode.swift; path = Favorite_YT_ChannelsApp.swift; sourceTree = "<group>"; };
		0B08C564275B3DF8001C520B /* ContentView.swift */ = {isa = PBXFileReference; lastKnownFileType = sourcecode.swift; path = ContentView.swift; sourceTree = "<group>"; };
		0B08C566275B3DF8001C520B /* Assets.xcassets */ = {isa = PBXFileReference; lastKnownFileType = folder.assetcatalog; path = Assets.xcassets; sourceTree = "<group>"; };
		0B08C569275B3DF8001C520B /* Preview Assets.xcassets */ = {isa = PBXFileReference; lastKnownFileType = folder.assetcatalog; path = "Preview Assets.xcassets"; sourceTree = "<group>"; };
		0B08C571275B3F45001C520B /* JaskoView.swift */ = {isa = PBXFileReference; lastKnownFileType = sourcecode.swift; path = JaskoView.swift; sourceTree = "<group>"; };
		0B08C573275B464C001C520B /* NukesView.swift */ = {isa = PBXFileReference; lastKnownFileType = sourcecode.swift; path = NukesView.swift; sourceTree = "<group>"; };
		0B08C575275B4653001C520B /* OpenYourRealityView.swift */ = {isa = PBXFileReference; lastKnownFileType = sourcecode.swift; path = OpenYourRealityView.swift; sourceTree = "<group>"; };
		0B08C577275B4C97001C520B /* SeanAllenView.swift */ = {isa = PBXFileReference; lastKnownFileType = sourcecode.swift; path = SeanAllenView.swift; sourceTree = "<group>"; };
		0B5D17332763D1550089D6A8 /* YoutubeListView.swift */ = {isa = PBXFileReference; lastKnownFileType = sourcecode.swift; path = YoutubeListView.swift; sourceTree = "<group>"; };
		0B5D17352763D5640089D6A8 /* Z3n PnkView.swift */ = {isa = PBXFileReference; lastKnownFileType = sourcecode.swift; path = "Z3n PnkView.swift"; sourceTree = "<group>"; };
		0BC86152275E5B3A00830D9C /* PooView.swift */ = {isa = PBXFileReference; lastKnownFileType = sourcecode.swift; path = PooView.swift; sourceTree = "<group>"; };
		0BC86154275E79AB00830D9C /* KawaiiGamesView.swift */ = {isa = PBXFileReference; lastKnownFileType = sourcecode.swift; path = KawaiiGamesView.swift; sourceTree = "<group>"; };
		0BC86156275EDD7300830D9C /* BawkbasoupView.swift */ = {isa = PBXFileReference; lastKnownFileType = sourcecode.swift; path = BawkbasoupView.swift; sourceTree = "<group>"; };
		0BC8617E275FC84600830D9C /* CJView.swift */ = {isa = PBXFileReference; lastKnownFileType = sourcecode.swift; path = CJView.swift; sourceTree = "<group>"; };
/* End PBXFileReference section */

/* Begin PBXFrameworksBuildPhase section */
		0B08C55C275B3DF7001C520B /* Frameworks */ = {
			isa = PBXFrameworksBuildPhase;
			buildActionMask = 2147483647;
			files = (
			);
			runOnlyForDeploymentPostprocessing = 0;
		};
/* End PBXFrameworksBuildPhase section */

/* Begin PBXGroup section */
		0B08C556275B3DF7001C520B = {
			isa = PBXGroup;
			children = (
				0B99540727604F35009C5405 /* ListViewModel */,
				0B08C570275B3F38001C520B /* Views */,
				0B08C561275B3DF8001C520B /* Favorite YT Channels */,
				0B08C560275B3DF7001C520B /* Products */,
			);
			sourceTree = "<group>";
		};
		0B08C560275B3DF7001C520B /* Products */ = {
			isa = PBXGroup;
			children = (
				0B08C55F275B3DF7001C520B /* Favorite YT Channels.app */,
			);
			name = Products;
			sourceTree = "<group>";
		};
		0B08C561275B3DF8001C520B /* Favorite YT Channels */ = {
			isa = PBXGroup;
			children = (
				0B08C562275B3DF8001C520B /* Favorite_YT_ChannelsApp.swift */,
				0B08C564275B3DF8001C520B /* ContentView.swift */,
				0B5D17332763D1550089D6A8 /* YoutubeListView.swift */,
				0B08C566275B3DF8001C520B /* Assets.xcassets */,
				0B08C568275B3DF8001C520B /* Preview Content */,
			);
			path = "Favorite YT Channels";
			sourceTree = "<group>";
		};
		0B08C568275B3DF8001C520B /* Preview Content */ = {
			isa = PBXGroup;
			children = (
				0B08C569275B3DF8001C520B /* Preview Assets.xcassets */,
			);
			path = "Preview Content";
			sourceTree = "<group>";
		};
		0B08C570275B3F38001C520B /* Views */ = {
			isa = PBXGroup;
			children = (
				0B08C571275B3F45001C520B /* JaskoView.swift */,
				0B08C573275B464C001C520B /* NukesView.swift */,
				0B08C577275B4C97001C520B /* SeanAllenView.swift */,
				0BC86152275E5B3A00830D9C /* PooView.swift */,
				0BC86156275EDD7300830D9C /* BawkbasoupView.swift */,
				0B5D17352763D5640089D6A8 /* Z3n PnkView.swift */,
				0BC8617E275FC84600830D9C /* CJView.swift */,
				0BC86154275E79AB00830D9C /* KawaiiGamesView.swift */,
				0B08C575275B4653001C520B /* OpenYourRealityView.swift */,
			);
			path = Views;
			sourceTree = "<group>";
		};
		0B99540727604F35009C5405 /* ListViewModel */ = {
			isa = PBXGroup;
			children = (
			);
			path = ListViewModel;
			sourceTree = "<group>";
		};
/* End PBXGroup section */

/* Begin PBXNativeTarget section */
		0B08C55E275B3DF7001C520B /* Favorite YT Channels */ = {
			isa = PBXNativeTarget;
			buildConfigurationList = 0B08C56D275B3DF8001C520B /* Build configuration list for PBXNativeTarget "Favorite YT Channels" */;
			buildPhases = (
				0B08C55B275B3DF7001C520B /* Sources */,
				0B08C55C275B3DF7001C520B /* Frameworks */,
				0B08C55D275B3DF7001C520B /* Resources */,
			);
			buildRules = (
			);
			dependencies = (
			);
			name = "Favorite YT Channels";
			productName = "Favorite YT Channels";
			productReference = 0B08C55F275B3DF7001C520B /* Favorite YT Channels.app */;
			productType = "com.apple.product-type.application";
		};
/* End PBXNativeTarget section */

/* Begin PBXProject section */
		0B08C557275B3DF7001C520B /* Project object */ = {
			isa = PBXProject;
			attributes = {
				BuildIndependentTargetsInParallel = 1;
				LastSwiftUpdateCheck = 1310;
				LastUpgradeCheck = 1310;
				TargetAttributes = {
					0B08C55E275B3DF7001C520B = {
						CreatedOnToolsVersion = 13.1;
					};
				};
			};
			buildConfigurationList = 0B08C55A275B3DF7001C520B /* Build configuration list for PBXProject "Favorite YT Channels" */;
			compatibilityVersion = "Xcode 13.0";
			developmentRegion = en;
			hasScannedForEncodings = 0;
			knownRegions = (
				en,
				Base,
			);
			mainGroup = 0B08C556275B3DF7001C520B;
			productRefGroup = 0B08C560275B3DF7001C520B /* Products */;
			projectDirPath = "";
			projectRoot = "";
			targets = (
				0B08C55E275B3DF7001C520B /* Favorite YT Channels */,
			);
		};
/* End PBXProject section */

/* Begin PBXResourcesBuildPhase section */
		0B08C55D275B3DF7001C520B /* Resources */ = {
			isa = PBXResourcesBuildPhase;
			buildActionMask = 2147483647;
			files = (
				0B08C56A275B3DF8001C520B /* Preview Assets.xcassets in Resources */,
				0B08C567275B3DF8001C520B /* Assets.xcassets in Resources */,
			);
			runOnlyForDeploymentPostprocessing = 0;
		};
/* End PBXResourcesBuildPhase section */

/* Begin PBXSourcesBuildPhase section */
		0B08C55B275B3DF7001C520B /* Sources */ = {
			isa = PBXSourcesBuildPhase;
			buildActionMask = 2147483647;
			files = (
				0B08C565275B3DF8001C520B /* ContentView.swift in Sources */,
				0BC8617F275FC84600830D9C /* CJView.swift in Sources */,
				0B08C563275B3DF8001C520B /* Favorite_YT_ChannelsApp.swift in Sources */,
				0BC86157275EDD7300830D9C /* BawkbasoupView.swift in Sources */,
				0B08C578275B4C97001C520B /* SeanAllenView.swift in Sources */,
				0BC86153275E5B3A00830D9C /* PooView.swift in Sources */,
				0B08C572275B3F45001C520B /* JaskoView.swift in Sources */,
				0B5D17362763D5640089D6A8 /* Z3n PnkView.swift in Sources */,
				0B5D17342763D1550089D6A8 /* YoutubeListView.swift in Sources */,
				0B08C574275B464C001C520B /* NukesView.swift in Sources */,
				0B08C576275B4653001C520B /* OpenYourRealityView.swift in Sources */,
				0BC86155275E79AB00830D9C /* KawaiiGamesView.swift in Sources */,
			);
			runOnlyForDeploymentPostprocessing = 0;
		};
/* End PBXSourcesBuildPhase section */

/* Begin XCBuildConfiguration section */
		0B08C56B275B3DF8001C520B /* Debug */ = {
			isa = XCBuildConfiguration;
			buildSettings = {
				ALWAYS_SEARCH_USER_PATHS = NO;
				CLANG_ANALYZER_NONNULL = YES;
				CLANG_ANALYZER_NUMBER_OBJECT_CONVERSION = YES_AGGRESSIVE;
				CLANG_CXX_LANGUAGE_STANDARD = "gnu++17";
				CLANG_CXX_LIBRARY = "libc++";
				CLANG_ENABLE_MODULES = YES;
				CLANG_ENABLE_OBJC_ARC = YES;
				CLANG_ENABLE_OBJC_WEAK = YES;
				CLANG_WARN_BLOCK_CAPTURE_AUTORELEASING = YES;
				CLANG_WARN_BOOL_CONVERSION = YES;
				CLANG_WARN_COMMA = YES;
				CLANG_WARN_CONSTANT_CONVERSION = YES;
				CLANG_WARN_DEPRECATED_OBJC_IMPLEMENTATIONS = YES;
				CLANG_WARN_DIRECT_OBJC_ISA_USAGE = YES_ERROR;
				CLANG_WARN_DOCUMENTATION_COMMENTS = YES;
				CLANG_WARN_EMPTY_BODY = YES;
				CLANG_WARN_ENUM_CONVERSION = YES;
				CLANG_WARN_INFINITE_RECURSION = YES;
				CLANG_WARN_INT_CONVERSION = YES;
				CLANG_WARN_NON_LITERAL_NULL_CONVERSION = YES;
				CLANG_WARN_OBJC_IMPLICIT_RETAIN_SELF = YES;
				CLANG_WARN_OBJC_LITERAL_CONVERSION = YES;
				CLANG_WARN_OBJC_ROOT_CLASS = YES_ERROR;
				CLANG_WARN_QUOTED_INCLUDE_IN_FRAMEWORK_HEADER = YES;
				CLANG_WARN_RANGE_LOOP_ANALYSIS = YES;
				CLANG_WARN_STRICT_PROTOTYPES = YES;
				CLANG_WARN_SUSPICIOUS_MOVE = YES;
				CLANG_WARN_UNGUARDED_AVAILABILITY = YES_AGGRESSIVE;
				CLANG_WARN_UNREACHABLE_CODE = YES;
				CLANG_WARN__DUPLICATE_METHOD_MATCH = YES;
				COPY_PHASE_STRIP = NO;
				DEBUG_INFORMATION_FORMAT = dwarf;
				ENABLE_STRICT_OBJC_MSGSEND = YES;
				ENABLE_TESTABILITY = YES;
				GCC_C_LANGUAGE_STANDARD = gnu11;
				GCC_DYNAMIC_NO_PIC = NO;
				GCC_NO_COMMON_BLOCKS = YES;
				GCC_OPTIMIZATION_LEVEL = 0;
				GCC_PREPROCESSOR_DEFINITIONS = (
					"DEBUG=1",
					"$(inherited)",
				);
				GCC_WARN_64_TO_32_BIT_CONVERSION = YES;
				GCC_WARN_ABOUT_RETURN_TYPE = YES_ERROR;
				GCC_WARN_UNDECLARED_SELECTOR = YES;
				GCC_WARN_UNINITIALIZED_AUTOS = YES_AGGRESSIVE;
				GCC_WARN_UNUSED_FUNCTION = YES;
				GCC_WARN_UNUSED_VARIABLE = YES;
				IPHONEOS_DEPLOYMENT_TARGET = 15.0;
				MTL_ENABLE_DEBUG_INFO = INCLUDE_SOURCE;
				MTL_FAST_MATH = YES;
				ONLY_ACTIVE_ARCH = YES;
				SDKROOT = iphoneos;
				SWIFT_ACTIVE_COMPILATION_CONDITIONS = DEBUG;
				SWIFT_OPTIMIZATION_LEVEL = "-Onone";
			};
			name = Debug;
		};
		0B08C56C275B3DF8001C520B /* Release */ = {
			isa = XCBuildConfiguration;
			buildSettings = {
				ALWAYS_SEARCH_USER_PATHS = NO;
				CLANG_ANALYZER_NONNULL = YES;
				CLANG_ANALYZER_NUMBER_OBJECT_CONVERSION = YES_AGGRESSIVE;
				CLANG_CXX_LANGUAGE_STANDARD = "gnu++17";
				CLANG_CXX_LIBRARY = "libc++";
				CLANG_ENABLE_MODULES = YES;
				CLANG_ENABLE_OBJC_ARC = YES;
				CLANG_ENABLE_OBJC_WEAK = YES;
				CLANG_WARN_BLOCK_CAPTURE_AUTORELEASING = YES;
				CLANG_WARN_BOOL_CONVERSION = YES;
				CLANG_WARN_COMMA = YES;
				CLANG_WARN_CONSTANT_CONVERSION = YES;
				CLANG_WARN_DEPRECATED_OBJC_IMPLEMENTATIONS = YES;
				CLANG_WARN_DIRECT_OBJC_ISA_USAGE = YES_ERROR;
				CLANG_WARN_DOCUMENTATION_COMMENTS = YES;
				CLANG_WARN_EMPTY_BODY = YES;
				CLANG_WARN_ENUM_CONVERSION = YES;
				CLANG_WARN_INFINITE_RECURSION = YES;
				CLANG_WARN_INT_CONVERSION = YES;
				CLANG_WARN_NON_LITERAL_NULL_CONVERSION = YES;
				CLANG_WARN_OBJC_IMPLICIT_RETAIN_SELF = YES;
				CLANG_WARN_OBJC_LITERAL_CONVERSION = YES;
				CLANG_WARN_OBJC_ROOT_CLASS = YES_ERROR;
				CLANG_WARN_QUOTED_INCLUDE_IN_FRAMEWORK_HEADER = YES;
				CLANG_WARN_RANGE_LOOP_ANALYSIS = YES;
				CLANG_WARN_STRICT_PROTOTYPES = YES;
				CLANG_WARN_SUSPICIOUS_MOVE = YES;
				CLANG_WARN_UNGUARDED_AVAILABILITY = YES_AGGRESSIVE;
				CLANG_WARN_UNREACHABLE_CODE = YES;
				CLANG_WARN__DUPLICATE_METHOD_MATCH = YES;
				COPY_PHASE_STRIP = NO;
				DEBUG_INFORMATION_FORMAT = "dwarf-with-dsym";
				ENABLE_NS_ASSERTIONS = NO;
				ENABLE_STRICT_OBJC_MSGSEND = YES;
				GCC_C_LANGUAGE_STANDARD = gnu11;
				GCC_NO_COMMON_BLOCKS = YES;
				GCC_WARN_64_TO_32_BIT_CONVERSION = YES;
				GCC_WARN_ABOUT_RETURN_TYPE = YES_ERROR;
				GCC_WARN_UNDECLARED_SELECTOR = YES;
				GCC_WARN_UNINITIALIZED_AUTOS = YES_AGGRESSIVE;
				GCC_WARN_UNUSED_FUNCTION = YES;
				GCC_WARN_UNUSED_VARIABLE = YES;
				IPHONEOS_DEPLOYMENT_TARGET = 15.0;
				MTL_ENABLE_DEBUG_INFO = NO;
				MTL_FAST_MATH = YES;
				SDKROOT = iphoneos;
				SWIFT_COMPILATION_MODE = wholemodule;
				SWIFT_OPTIMIZATION_LEVEL = "-O";
				VALIDATE_PRODUCT = YES;
			};
			name = Release;
		};
		0B08C56E275B3DF8001C520B /* Debug */ = {
			isa = XCBuildConfiguration;
			buildSettings = {
				ASSETCATALOG_COMPILER_APPICON_NAME = AppIcon;
				ASSETCATALOG_COMPILER_GLOBAL_ACCENT_COLOR_NAME = AccentColor;
				CODE_SIGN_STYLE = Automatic;
				CURRENT_PROJECT_VERSION = 1;
				DEVELOPMENT_ASSET_PATHS = "\"Favorite YT Channels/Preview Content\"";
				DEVELOPMENT_TEAM = 6D67QSRGWX;
				ENABLE_PREVIEWS = YES;
				GENERATE_INFOPLIST_FILE = YES;
				INFOPLIST_KEY_UIApplicationSceneManifest_Generation = YES;
				INFOPLIST_KEY_UIApplicationSupportsIndirectInputEvents = YES;
				INFOPLIST_KEY_UILaunchScreen_Generation = YES;
				INFOPLIST_KEY_UISupportedInterfaceOrientations_iPad = "UIInterfaceOrientationPortrait UIInterfaceOrientationPortraitUpsideDown UIInterfaceOrientationLandscapeLeft UIInterfaceOrientationLandscapeRight";
				INFOPLIST_KEY_UISupportedInterfaceOrientations_iPhone = "UIInterfaceOrientationPortrait UIInterfaceOrientationLandscapeLeft UIInterfaceOrientationLandscapeRight";
				LD_RUNPATH_SEARCH_PATHS = (
					"$(inherited)",
					"@executable_path/Frameworks",
				);
				MARKETING_VERSION = 1.0;
				PRODUCT_BUNDLE_IDENTIFIER = "com.albertoJuarbe.Favorite-YT-Channels";
				PRODUCT_NAME = "$(TARGET_NAME)";
				SWIFT_EMIT_LOC_STRINGS = YES;
				SWIFT_VERSION = 5.0;
				TARGETED_DEVICE_FAMILY = "1,2";
			};
			name = Debug;
		};
		0B08C56F275B3DF8001C520B /* Release */ = {
			isa = XCBuildConfiguration;
			buildSettings = {
				ASSETCATALOG_COMPILER_APPICON_NAME = AppIcon;
				ASSETCATALOG_COMPILER_GLOBAL_ACCENT_COLOR_NAME = AccentColor;
				CODE_SIGN_STYLE = Automatic;
				CURRENT_PROJECT_VERSION = 1;
				DEVELOPMENT_ASSET_PATHS = "\"Favorite YT Channels/Preview Content\"";
				DEVELOPMENT_TEAM = 6D67QSRGWX;
				ENABLE_PREVIEWS = YES;
				GENERATE_INFOPLIST_FILE = YES;
				INFOPLIST_KEY_UIApplicationSceneManifest_Generation = YES;
				INFOPLIST_KEY_UIApplicationSupportsIndirectInputEvents = YES;
				INFOPLIST_KEY_UILaunchScreen_Generation = YES;
				INFOPLIST_KEY_UISupportedInterfaceOrientations_iPad = "UIInterfaceOrientationPortrait UIInterfaceOrientationPortraitUpsideDown UIInterfaceOrientationLandscapeLeft UIInterfaceOrientationLandscapeRight";
				INFOPLIST_KEY_UISupportedInterfaceOrientations_iPhone = "UIInterfaceOrientationPortrait UIInterfaceOrientationLandscapeLeft UIInterfaceOrientationLandscapeRight";
				LD_RUNPATH_SEARCH_PATHS = (
					"$(inherited)",
					"@executable_path/Frameworks",
				);
				MARKETING_VERSION = 1.0;
				PRODUCT_BUNDLE_IDENTIFIER = "com.albertoJuarbe.Favorite-YT-Channels";
				PRODUCT_NAME = "$(TARGET_NAME)";
				SWIFT_EMIT_LOC_STRINGS = YES;
				SWIFT_VERSION = 5.0;
				TARGETED_DEVICE_FAMILY = "1,2";
			};
			name = Release;
		};
/* End XCBuildConfiguration section */

/* Begin XCConfigurationList section */
		0B08C55A275B3DF7001C520B /* Build configuration list for PBXProject "Favorite YT Channels" */ = {
			isa = XCConfigurationList;
			buildConfigurations = (
				0B08C56B275B3DF8001C520B /* Debug */,
				0B08C56C275B3DF8001C520B /* Release */,
			);
			defaultConfigurationIsVisible = 0;
			defaultConfigurationName = Release;
		};
		0B08C56D275B3DF8001C520B /* Build configuration list for PBXNativeTarget "Favorite YT Channels" */ = {
			isa = XCConfigurationList;
			buildConfigurations = (
				0B08C56E275B3DF8001C520B /* Debug */,
				0B08C56F275B3DF8001C520B /* Release */,
			);
			defaultConfigurationIsVisible = 0;
			defaultConfigurationName = Release;
		};
/* End XCConfigurationList section */
	};
	rootObject = 0B08C557275B3DF7001C520B /* Project object */;
}
